
Microsoft Visual Studio Solution File, Format Version 12.00
# Visual Studio 15
VisualStudioVersion = 15.0.27703.2018
MinimumVisualStudioVersion = 10.0.40219.1
Project("{9A19103F-16F7-4668-BE54-9A1E7A4F7556}") = "ESITapTradeApiSimpleDemoCSharpCore2017_X64", "ESITapTradeApiSimpleDemoCSharpCore2017_X64.csproj", "{165F90C2-48AA-4C1A-9911-E68812A27B4E}"
EndProject
Global
	GlobalSection(SolutionConfigurationPlatforms) = preSolution
		Debug|x64 = Debug|x64
		Release|x64 = Release|x64
	EndGlobalSection
	GlobalSection(ProjectConfigurationPlatforms) = postSolution
		{165F90C2-48AA-4C1A-9911-E68812A27B4E}.Debug|x64.ActiveCfg = Debug|x64
		{165F90C2-48AA-4C1A-9911-E68812A27B4E}.Debug|x64.Build.0 = Debug|x64
		{165F90C2-48AA-4C1A-9911-E68812A27B4E}.Release|x64.ActiveCfg = Release|x64
		{165F90C2-48AA-4C1A-9911-E68812A27B4E}.Release|x64.Build.0 = Release|x64
	EndGlobalSection
	GlobalSection(SolutionProperties) = preSolution
		HideSolutionNode = FALSE
	EndGlobalSection
	GlobalSection(ExtensibilityGlobals) = postSolution
		SolutionGuid = {754CFB58-E95A-4137-8EB1-FC684B358817}
	EndGlobalSection
EndGlobal
